<?xml version="1.0" encoding="utf-8"?>
<Project ToolsVersion="4.0" xmlns="http://schemas.microsoft.com/developer/msbuild/2003">
  <ItemGroup>
    <ClCompile Include="test_boats_to_save_peoople.cpp" />
    <ClCompile Include="test_compare_version_numbers.cpp" />
    <ClCompile Include="test_delete_node_in_linked_list.cpp" />
    <ClCompile Include="test_find_all_groups_of_farmland.cpp" />
    <ClCompile Include="test_find_if_path_exists_in_graph.cpp" />
    <ClCompile Include="test_freedom_trail.cpp" />
    <ClCompile Include="test_greetings.cpp" />
    <ClCompile Include="test_longest_ideal_subsequence.cpp" />
    <ClCompile Include="test_minimum_falling_path_sum_II.cpp" />
    <ClCompile Include="test_minimum_height_trees.cpp" />
    <ClCompile Include="test_minimum_operations_to_make_array_xor_equal_to_k.cpp" />
    <ClCompile Include="test_nth_tribonacci_number.cpp" />
    <ClCompile Include="test_number_of_islands.cpp" />
    <ClCompile Include="pch.cpp" />
    <ClCompile Include="test_number_of_wonderful_substrings.cpp" />
    <ClCompile Include="test_open_the_lock.cpp" />
    <ClCompile Include="test_reverse_prefix_of_word.cpp" />
    <ClCompile Include="test_sum_of_distances_in_tree.cpp" />
    <ClCompile Include="test_remove_nodes_from_linked_list.cpp" />
    <ClCompile Include="test_double_a_number_represented_by_a_linked_list.cpp" />
    <ClCompile Include="test_relative_ranks.cpp" />
    <ClCompile Include="test_maximize_happiness_of_selected_children.cpp" />
    <ClCompile Include="test_kth_smallest_prime_fraction.cpp" />
    <ClCompile Include="test_largest_local_values_in_a_matrix.cpp" />
    <ClCompile Include="test_score_after_flipping_matrix.cpp" />
    <ClCompile Include="test_path_with_maximum_gold.cpp" />
    <ClCompile Include="test_find_the_safest_path_in_the_grid.cpp" />
    <ClCompile Include="test_evaluate_boolean_binary_tree.cpp" />
    <ClCompile Include="test_delete_leaves_with_a_given_value.cpp" />
    <ClCompile Include="test_distribute_coins_in_binary_tree.cpp" />
    <ClCompile Include="test_find_the_maximum_sum_of_node_values.cpp" />
    <ClCompile Include="test_sum_of_all_subset_xor_totals.cpp" />
    <ClCompile Include="test_subsets.cpp" />
    <ClCompile Include="test_palindrome_partitioning.cpp" />
    <ClCompile Include="test_the_number_of_beautiful_subsets.cpp" />
    <ClCompile Include="test_maximum_score_words_formed_by_letters.cpp" />
    <ClCompile Include="test_word_break_II.cpp" />
    <ClCompile Include="test_student_attendance_record_II.cpp" />
    <ClCompile Include="test_special_array.cpp" />
    <ClCompile Include="test_get_equal_substrings_within_budget.cpp" />
    <ClCompile Include="test_reduce_number_to_one.cpp" />
    <ClCompile Include="test_count_triplets.cpp" />
    <ClCompile Include="test_single_number_III.cpp" />
    <ClCompile Include="test_append_characters_to_string_to_make_subsequence.cpp" />
    <ClCompile Include="test_longest_palindrome.cpp" />
    <ClCompile Include="test_find_common_characters.cpp" />
    <ClCompile Include="test_hand_of_straights.cpp" />
    <ClCompile Include="test_replace_words.cpp" />
  </ItemGroup>
  <ItemGroup>
    <ClInclude Include="pch.h" />
  </ItemGroup>
  <ItemGroup>
    <None Include="packages.config" />
  </ItemGroup>
</Project>