<?xml version="1.0" encoding="utf-8"?>
<Project ToolsVersion="4.0" xmlns="http://schemas.microsoft.com/developer/msbuild/2003">
  <ItemGroup>
    <Filter Include="Source Files">
      <UniqueIdentifier>{4FC737F1-C7A5-4376-A066-2A32D752A2FF}</UniqueIdentifier>
      <Extensions>cpp;c;cc;cxx;c++;cppm;ixx;def;odl;idl;hpj;bat;asm;asmx</Extensions>
    </Filter>
    <Filter Include="Header Files">
      <UniqueIdentifier>{93995380-89BD-4b04-88EB-625FBE52EBFB}</UniqueIdentifier>
      <Extensions>h;hh;hpp;hxx;h++;hm;inl;inc;ipp;xsd</Extensions>
    </Filter>
    <Filter Include="Resource Files">
      <UniqueIdentifier>{67DA6AB6-F800-4c08-8B7A-83BB121AAD01}</UniqueIdentifier>
      <Extensions>rc;ico;cur;bmp;dlg;rc2;rct;bin;rgs;gif;jpg;jpeg;jpe;resx;tiff;tif;png;wav;mfcribbon-ms</Extensions>
    </Filter>
    <Filter Include="Source Files\Arrays">
      <UniqueIdentifier>{0e631f7d-157c-4500-a05f-28dc032664f1}</UniqueIdentifier>
    </Filter>
    <Filter Include="Header Files\Arrays">
      <UniqueIdentifier>{ac587169-8a29-4460-83b2-87f103f200a9}</UniqueIdentifier>
    </Filter>
    <Filter Include="Header Files\Graph">
      <UniqueIdentifier>{ab135bc0-01ec-4621-8283-a1c0c81089f8}</UniqueIdentifier>
    </Filter>
    <Filter Include="Source Files\Graph">
      <UniqueIdentifier>{a2d176de-9907-4f91-9ceb-1c49c1115ed7}</UniqueIdentifier>
    </Filter>
    <Filter Include="Header Files\Sequence">
      <UniqueIdentifier>{61643868-6d63-4fea-9069-fb3dcefa9b25}</UniqueIdentifier>
    </Filter>
    <Filter Include="Source Files\Sequence">
      <UniqueIdentifier>{7fa2406b-c23f-4033-9c11-a88c0b9398f6}</UniqueIdentifier>
    </Filter>
    <Filter Include="Header Files\Strings">
      <UniqueIdentifier>{f7ac6e81-23ae-46e8-87ef-df47bd30d16c}</UniqueIdentifier>
    </Filter>
    <Filter Include="Source Files\Strings">
      <UniqueIdentifier>{2815c0ce-7adf-4fbb-8f8b-2ad39e173b27}</UniqueIdentifier>
    </Filter>
    <Filter Include="Header Files\Binary">
      <UniqueIdentifier>{ab0642e0-8035-4542-9e62-7f50479ccc14}</UniqueIdentifier>
    </Filter>
    <Filter Include="Source Files\Binary">
      <UniqueIdentifier>{7da1eae6-dfc0-4ed0-bfcd-f78dfc8292c4}</UniqueIdentifier>
    </Filter>
    <Filter Include="Header Files\LinkedList">
      <UniqueIdentifier>{861372fa-abe1-4a22-99f3-9885f5fc68e1}</UniqueIdentifier>
    </Filter>
    <Filter Include="Source Files\LinkedList">
      <UniqueIdentifier>{823f31ed-11af-495a-a6e2-cd8bc1233ccc}</UniqueIdentifier>
    </Filter>
    <Filter Include="Tools">
      <UniqueIdentifier>{277a4dbc-f117-41f4-bf6b-c839b0651c8c}</UniqueIdentifier>
    </Filter>
    <Filter Include="Header Files\Subset">
      <UniqueIdentifier>{0f499145-8bd6-4eff-aac2-b18c2ed355e5}</UniqueIdentifier>
    </Filter>
    <Filter Include="Source Files\Subset">
      <UniqueIdentifier>{6cf084ce-fd8c-42cc-97c8-103e0db13b1e}</UniqueIdentifier>
    </Filter>
    <Filter Include="Header Files\DynamicProgramming">
      <UniqueIdentifier>{1f3da2a3-5ec8-4655-a7a7-2fc804db35f9}</UniqueIdentifier>
    </Filter>
    <Filter Include="Source Files\DynamicProgramming">
      <UniqueIdentifier>{41c402b1-05ad-433a-affd-1946f54ca15e}</UniqueIdentifier>
    </Filter>
  </ItemGroup>
  <ItemGroup>
    <ClCompile Include="main.cpp">
      <Filter>Source Files</Filter>
    </ClCompile>
    <ClCompile Include="greetings.cpp">
      <Filter>Source Files</Filter>
    </ClCompile>
    <ClCompile Include="number_of_islands.cpp">
      <Filter>Source Files\Arrays</Filter>
    </ClCompile>
    <ClCompile Include="find_all_groups_of_farmland.cpp">
      <Filter>Source Files\Arrays</Filter>
    </ClCompile>
    <ClCompile Include="find_if_path_exists_in_graph.cpp">
      <Filter>Source Files\Graph</Filter>
    </ClCompile>
    <ClCompile Include="open_the_lock.cpp">
      <Filter>Source Files\Arrays</Filter>
    </ClCompile>
    <ClCompile Include="minimum_height_trees.cpp">
      <Filter>Source Files\Graph</Filter>
    </ClCompile>
    <ClCompile Include="nth_tribonacci_number.cpp">
      <Filter>Source Files\Sequence</Filter>
    </ClCompile>
    <ClCompile Include="longest_ideal_subsequence.cpp">
      <Filter>Source Files\Strings</Filter>
    </ClCompile>
    <ClCompile Include="minimum_falling_path_sum_II.cpp">
      <Filter>Source Files\Arrays</Filter>
    </ClCompile>
    <ClCompile Include="freedom_trail.cpp">
      <Filter>Source Files\Strings</Filter>
    </ClCompile>
    <ClCompile Include="sum_of_distances_in_tree.cpp">
      <Filter>Source Files\Graph</Filter>
    </ClCompile>
    <ClCompile Include="minimum_operations_to_make_array_xor_equal_to_k.cpp">
      <Filter>Source Files\Binary</Filter>
    </ClCompile>
    <ClCompile Include="number_of_wonderful_substrings.cpp">
      <Filter>Source Files\Strings</Filter>
    </ClCompile>
    <ClCompile Include="reverse_prefix_of_word.cpp">
      <Filter>Source Files\Strings</Filter>
    </ClCompile>
    <ClCompile Include="compare_version_numbers.cpp">
      <Filter>Source Files\Strings</Filter>
    </ClCompile>
    <ClCompile Include="boats_to_save_peoople.cpp">
      <Filter>Source Files\Arrays</Filter>
    </ClCompile>
    <ClCompile Include="delete_node_in_linked_list.cpp">
      <Filter>Source Files\LinkedList</Filter>
    </ClCompile>
    <ClCompile Include="remove_nodes_from_linked_list.cpp">
      <Filter>Source Files\LinkedList</Filter>
    </ClCompile>
    <ClCompile Include="linked_list.cpp">
      <Filter>Tools</Filter>
    </ClCompile>
    <ClCompile Include="double_a_number_represented_by_a_linked_list.cpp">
      <Filter>Source Files\LinkedList</Filter>
    </ClCompile>
    <ClCompile Include="relative_ranks.cpp">
      <Filter>Source Files\Strings</Filter>
    </ClCompile>
    <ClCompile Include="maximize_happiness_of_selected_children.cpp">
      <Filter>Source Files\Arrays</Filter>
    </ClCompile>
    <ClCompile Include="kth_smallest_prime_fraction.cpp">
      <Filter>Source Files\Arrays</Filter>
    </ClCompile>
    <ClCompile Include="largest_local_values_in_a_matrix.cpp">
      <Filter>Source Files\Arrays</Filter>
    </ClCompile>
    <ClCompile Include="score_after_flipping_matrix.cpp">
      <Filter>Source Files</Filter>
    </ClCompile>
    <ClCompile Include="path_with_maximum_gold.cpp">
      <Filter>Source Files\Arrays</Filter>
    </ClCompile>
    <ClCompile Include="find_the_safest_path_in_the_grid.cpp">
      <Filter>Source Files\Arrays</Filter>
    </ClCompile>
    <ClCompile Include="evaluate_boolean_binary_tree.cpp">
      <Filter>Source Files\Graph</Filter>
    </ClCompile>
    <ClCompile Include="delete_leaves_with_a_given_value.cpp">
      <Filter>Source Files\Graph</Filter>
    </ClCompile>
    <ClCompile Include="distribute_coins_in_binary_tree.cpp">
      <Filter>Source Files\Graph</Filter>
    </ClCompile>
    <ClCompile Include="find_the_maximum_sum_of_node_values.h">
      <Filter>Header Files\Graph</Filter>
    </ClCompile>
    <ClCompile Include="find_the_maximum_sum_of_node_values.cpp">
      <Filter>Source Files\Graph</Filter>
    </ClCompile>
    <ClCompile Include="palindrome_partitioning.cpp">
      <Filter>Source Files\Subset</Filter>
    </ClCompile>
    <ClCompile Include="subsets.cpp">
      <Filter>Source Files\Subset</Filter>
    </ClCompile>
    <ClCompile Include="sum_of_all_subset_xor_totals.cpp">
      <Filter>Source Files\Subset</Filter>
    </ClCompile>
    <ClCompile Include="the_number_of_beautiful_subsets.cpp">
      <Filter>Source Files\Subset</Filter>
    </ClCompile>
    <ClCompile Include="maximum_score_words_formed_by_letters.cpp">
      <Filter>Source Files\Subset</Filter>
    </ClCompile>
    <ClCompile Include="word_break_II.cpp">
      <Filter>Source Files\Subset</Filter>
    </ClCompile>
    <ClCompile Include="student_attendance_record_II.cpp">
      <Filter>Source Files\DynamicProgramming</Filter>
    </ClCompile>
    <ClCompile Include="special_array.cpp">
      <Filter>Source Files\Arrays</Filter>
    </ClCompile>
    <ClCompile Include="get_equal_substrings_within_budget.cpp">
      <Filter>Source Files\Arrays</Filter>
    </ClCompile>
    <ClCompile Include="reduce_number_to_one.cpp">
      <Filter>Source Files\Strings</Filter>
    </ClCompile>
    <ClCompile Include="count_triplets.cpp">
      <Filter>Source Files\Binary</Filter>
    </ClCompile>
    <ClCompile Include="single_number_III.cpp">
      <Filter>Source Files\Binary</Filter>
    </ClCompile>
    <ClCompile Include="append_characters_to_string_to_make_subsequence.cpp">
      <Filter>Source Files\Strings</Filter>
    </ClCompile>
    <ClCompile Include="longest_palindrome.cpp">
      <Filter>Source Files\Strings</Filter>
    </ClCompile>
    <ClCompile Include="find_common_characters.cpp">
      <Filter>Source Files\Strings</Filter>
    </ClCompile>
    <ClCompile Include="hand_of_straights.cpp">
      <Filter>Source Files\Arrays</Filter>
    </ClCompile>
    <ClCompile Include="replace_words.cpp">
      <Filter>Source Files\Arrays</Filter>
    </ClCompile>
    <ClCompile Include="trie.cpp">
      <Filter>Tools</Filter>
    </ClCompile>
  </ItemGroup>
  <ItemGroup>
    <ClInclude Include="greetings.h">
      <Filter>Header Files</Filter>
    </ClInclude>
    <ClInclude Include="number_of_islands.h">
      <Filter>Header Files\Arrays</Filter>
    </ClInclude>
    <ClInclude Include="find_all_groups_of_farmland.h">
      <Filter>Header Files\Arrays</Filter>
    </ClInclude>
    <ClInclude Include="find_if_path_exists_in_graph.h">
      <Filter>Header Files\Graph</Filter>
    </ClInclude>
    <ClInclude Include="open_the_lock.h">
      <Filter>Header Files\Arrays</Filter>
    </ClInclude>
    <ClInclude Include="minimum_height_trees.h">
      <Filter>Header Files\Graph</Filter>
    </ClInclude>
    <ClInclude Include="nth_tribonacci_number.h">
      <Filter>Header Files\Sequence</Filter>
    </ClInclude>
    <ClInclude Include="longest_ideal_subsequence.h">
      <Filter>Header Files\Strings</Filter>
    </ClInclude>
    <ClInclude Include="minimum_falling_path_sum_II.h">
      <Filter>Header Files\Arrays</Filter>
    </ClInclude>
    <ClInclude Include="freedom_trail.h">
      <Filter>Header Files\Strings</Filter>
    </ClInclude>
    <ClInclude Include="sum_of_distances_in_tree.h">
      <Filter>Header Files\Graph</Filter>
    </ClInclude>
    <ClInclude Include="minimum_operations_to_make_array_xor_equal_to_k.h">
      <Filter>Header Files\Binary</Filter>
    </ClInclude>
    <ClInclude Include="number_of_wonderful_substrings.h">
      <Filter>Header Files\Strings</Filter>
    </ClInclude>
    <ClInclude Include="reverse_prefix_of_word.h">
      <Filter>Header Files\Strings</Filter>
    </ClInclude>
    <ClInclude Include="compare_version_numbers.h">
      <Filter>Header Files\Strings</Filter>
    </ClInclude>
    <ClInclude Include="boats_to_save_peoople.h">
      <Filter>Header Files\Arrays</Filter>
    </ClInclude>
    <ClInclude Include="delete_node_in_linked_list.h">
      <Filter>Header Files\LinkedList</Filter>
    </ClInclude>
    <ClInclude Include="remove_nodes_from_linked_list.h">
      <Filter>Header Files\LinkedList</Filter>
    </ClInclude>
    <ClInclude Include="linked_list.h">
      <Filter>Tools</Filter>
    </ClInclude>
    <ClInclude Include="double_a_number_represented_by_a_linked_list.h">
      <Filter>Header Files\LinkedList</Filter>
    </ClInclude>
    <ClInclude Include="relative_ranks.h">
      <Filter>Header Files\Strings</Filter>
    </ClInclude>
    <ClInclude Include="maximize_happiness_of_selected_children.h">
      <Filter>Header Files\Arrays</Filter>
    </ClInclude>
    <ClInclude Include="kth_smallest_prime_fraction.h">
      <Filter>Header Files\Arrays</Filter>
    </ClInclude>
    <ClInclude Include="largest_local_values_in_a_matrix.h">
      <Filter>Header Files\Arrays</Filter>
    </ClInclude>
    <ClInclude Include="score_after_flipping_matrix.h">
      <Filter>Header Files\Arrays</Filter>
    </ClInclude>
    <ClInclude Include="path_with_maximum_gold.h">
      <Filter>Header Files\Arrays</Filter>
    </ClInclude>
    <ClInclude Include="find_the_safest_path_in_the_grid.h">
      <Filter>Header Files\Arrays</Filter>
    </ClInclude>
    <ClInclude Include="evaluate_boolean_binary_tree.h">
      <Filter>Header Files\Graph</Filter>
    </ClInclude>
    <ClInclude Include="binary_tree.h">
      <Filter>Tools</Filter>
    </ClInclude>
    <ClInclude Include="delete_leaves_with_a_given_value.h">
      <Filter>Header Files\Graph</Filter>
    </ClInclude>
    <ClInclude Include="distribute_coins_in_binary_tree.h">
      <Filter>Header Files\Graph</Filter>
    </ClInclude>
    <ClInclude Include="subsets.h">
      <Filter>Header Files\Subset</Filter>
    </ClInclude>
    <ClInclude Include="palindrome_partitioning.h">
      <Filter>Header Files\Subset</Filter>
    </ClInclude>
    <ClInclude Include="sum_of_all_subset_xor_totals.h">
      <Filter>Header Files\Subset</Filter>
    </ClInclude>
    <ClInclude Include="the_number_of_beautiful_subsets.h">
      <Filter>Header Files\Subset</Filter>
    </ClInclude>
    <ClInclude Include="maximum_score_words_formed_by_letters.h">
      <Filter>Header Files\Subset</Filter>
    </ClInclude>
    <ClInclude Include="word_break_II.h">
      <Filter>Header Files\Subset</Filter>
    </ClInclude>
    <ClInclude Include="student_attendance_record_II.h">
      <Filter>Header Files\DynamicProgramming</Filter>
    </ClInclude>
    <ClInclude Include="special_array.h">
      <Filter>Header Files\Arrays</Filter>
    </ClInclude>
    <ClInclude Include="get_equal_substrings_within_budget.h">
      <Filter>Header Files\Strings</Filter>
    </ClInclude>
    <ClInclude Include="reduce_number_to_one.h">
      <Filter>Header Files\Strings</Filter>
    </ClInclude>
    <ClInclude Include="count_triplets.h">
      <Filter>Header Files\Binary</Filter>
    </ClInclude>
    <ClInclude Include="single_number_III.h">
      <Filter>Header Files\Binary</Filter>
    </ClInclude>
    <ClInclude Include="append_characters_to_string_to_make_subsequence.h">
      <Filter>Header Files\Strings</Filter>
    </ClInclude>
    <ClInclude Include="longest_palindrome.h">
      <Filter>Header Files\Strings</Filter>
    </ClInclude>
    <ClInclude Include="find_common_characters.h">
      <Filter>Header Files\Strings</Filter>
    </ClInclude>
    <ClInclude Include="hand_of_straights.h">
      <Filter>Header Files\Arrays</Filter>
    </ClInclude>
    <ClInclude Include="replace_words.h">
      <Filter>Header Files\Arrays</Filter>
    </ClInclude>
    <ClInclude Include="trie.h">
      <Filter>Tools</Filter>
    </ClInclude>
  </ItemGroup>
</Project>